
Microsoft Visual Studio Solution File, Format Version 12.00
# Visual Studio Version 16
VisualStudioVersion = 16.0.29905.134
MinimumVisualStudioVersion = 10.0.40219.1
Project("{9A19103F-16F7-4668-BE54-9A1E7A4F7556}") = "Akka.DistributedTest.Models", "Akka.DistributedTest.Models\Akka.DistributedTest.Models.csproj", "{D4CE2826-8DD5-4B33-A8BD-D5FE4D356099}"
EndProject
Project("{9A19103F-16F7-4668-BE54-9A1E7A4F7556}") = "Akka.DistributedTest.FCOrchestrator", "Akka.DistributedTest.FCOrchestrator\Akka.DistributedTest.FCOrchestrator.csproj", "{90DC7232-DBF9-4762-94F7-0B88966BF278}"
EndProject
Project("{9A19103F-16F7-4668-BE54-9A1E7A4F7556}") = "Akka.DistributedTest.InventoryAllocation", "Akka.DistributedTest.InventoryAllocation\Akka.DistributedTest.InventoryAllocation.csproj", "{21E011B4-3C48-4C07-80E6-433235F9546A}"
EndProject
Project("{9A19103F-16F7-4668-BE54-9A1E7A4F7556}") = "ShardTest", "ShardTest\ShardTest.csproj", "{E0AC3830-D7E4-4EB2-9DED-5E09BB17C50A}"
EndProject
Project("{FAE04EC0-301F-11D3-BF4B-00C04F79EFBC}") = "ShardTest.Remote", "ShardTest.Remote\ShardTest.Remote.csproj", "{B67CD991-3CA0-4755-BB0A-54C78E3748C0}"
EndProject
Global
	GlobalSection(SolutionConfigurationPlatforms) = preSolution
		Debug|Any CPU = Debug|Any CPU
		Release|Any CPU = Release|Any CPU
	EndGlobalSection
	GlobalSection(ProjectConfigurationPlatforms) = postSolution
		{D4CE2826-8DD5-4B33-A8BD-D5FE4D356099}.Debug|Any CPU.ActiveCfg = Debug|Any CPU
		{D4CE2826-8DD5-4B33-A8BD-D5FE4D356099}.Debug|Any CPU.Build.0 = Debug|Any CPU
		{D4CE2826-8DD5-4B33-A8BD-D5FE4D356099}.Release|Any CPU.ActiveCfg = Release|Any CPU
		{D4CE2826-8DD5-4B33-A8BD-D5FE4D356099}.Release|Any CPU.Build.0 = Release|Any CPU
		{90DC7232-DBF9-4762-94F7-0B88966BF278}.Debug|Any CPU.ActiveCfg = Debug|Any CPU
		{90DC7232-DBF9-4762-94F7-0B88966BF278}.Debug|Any CPU.Build.0 = Debug|Any CPU
		{90DC7232-DBF9-4762-94F7-0B88966BF278}.Release|Any CPU.ActiveCfg = Release|Any CPU
		{90DC7232-DBF9-4762-94F7-0B88966BF278}.Release|Any CPU.Build.0 = Release|Any CPU
		{21E011B4-3C48-4C07-80E6-433235F9546A}.Debug|Any CPU.ActiveCfg = Debug|Any CPU
		{21E011B4-3C48-4C07-80E6-433235F9546A}.Debug|Any CPU.Build.0 = Debug|Any CPU
		{21E011B4-3C48-4C07-80E6-433235F9546A}.Release|Any CPU.ActiveCfg = Release|Any CPU
		{21E011B4-3C48-4C07-80E6-433235F9546A}.Release|Any CPU.Build.0 = Release|Any CPU
		{E0AC3830-D7E4-4EB2-9DED-5E09BB17C50A}.Debug|Any CPU.ActiveCfg = Debug|Any CPU
		{E0AC3830-D7E4-4EB2-9DED-5E09BB17C50A}.Debug|Any CPU.Build.0 = Debug|Any CPU
		{E0AC3830-D7E4-4EB2-9DED-5E09BB17C50A}.Release|Any CPU.ActiveCfg = Release|Any CPU
		{E0AC3830-D7E4-4EB2-9DED-5E09BB17C50A}.Release|Any CPU.Build.0 = Release|Any CPU
		{B67CD991-3CA0-4755-BB0A-54C78E3748C0}.Debug|Any CPU.ActiveCfg = Debug|Any CPU
		{B67CD991-3CA0-4755-BB0A-54C78E3748C0}.Debug|Any CPU.Build.0 = Debug|Any CPU
		{B67CD991-3CA0-4755-BB0A-54C78E3748C0}.Release|Any CPU.ActiveCfg = Release|Any CPU
		{B67CD991-3CA0-4755-BB0A-54C78E3748C0}.Release|Any CPU.Build.0 = Release|Any CPU
	EndGlobalSection
	GlobalSection(SolutionProperties) = preSolution
		HideSolutionNode = FALSE
	EndGlobalSection
	GlobalSection(ExtensibilityGlobals) = postSolution
		SolutionGuid = {6D1B3044-547D-4F16-84AF-429FAC356D98}
	EndGlobalSection
EndGlobal
